
Microsoft Visual Studio Solution File, Format Version 12.00
# Visual Studio 2013
VisualStudioVersion = 12.0.31101.0
MinimumVisualStudioVersion = 10.0.40219.1
Project("{FAE04EC0-301F-11D3-BF4B-00C04F79EFBC}") = "ABus.Contracts", "ABus.Contracts\ABus.Contracts.csproj", "{BB4F786C-2966-4E73-91BB-6775CF177CF7}"
EndProject
Project("{FAE04EC0-301F-11D3-BF4B-00C04F79EFBC}") = "ABus.AzureServiceBus", "ABus.AzureServiceBus\ABus.AzureServiceBus.csproj", "{F8C6D3B9-51CD-4701-B353-A648CC0FCF16}"
EndProject
Project("{FAE04EC0-301F-11D3-BF4B-00C04F79EFBC}") = "ABus.Host", "ABus.Host\ABus.Host.csproj", "{1E70FE4D-E996-4835-8532-EC46F69380B4}"
EndProject
Project("{FAE04EC0-301F-11D3-BF4B-00C04F79EFBC}") = "ABus.Sample", "ABus.Sample\ABus.Sample.csproj", "{4073AD6A-33AB-471A-A2F1-FE8C68B3798C}"
EndProject
Project("{FAE04EC0-301F-11D3-BF4B-00C04F79EFBC}") = "ABus", "ABus\ABus.csproj", "{5CAD9197-311E-4AD0-A3EA-66F25E150816}"
EndProject
Project("{FAE04EC0-301F-11D3-BF4B-00C04F79EFBC}") = "ABus.Unity", "ABus.Unity\ABus.Unity.csproj", "{CDB63549-9343-483C-9009-57155799CEAF}"
EndProject
Project("{FAE04EC0-301F-11D3-BF4B-00C04F79EFBC}") = "ABus.TransactionManagement.SQLServer", "ABus.TransactionManagement.SQLServer\ABus.TransactionManagement.SQLServer.csproj", "{EF29BB0D-6BCA-4348-8DF5-B8A7F8B59397}"
EndProject
Project("{FAE04EC0-301F-11D3-BF4B-00C04F79EFBC}") = "ABus.InMemoryServiceBus", "ABus.InMemoryServiceBus\ABus.InMemoryServiceBus.csproj", "{9B0CBF33-D49B-4B7B-BCF8-FA8D20330992}"
EndProject
Global
	GlobalSection(SolutionConfigurationPlatforms) = preSolution
		Debug|Any CPU = Debug|Any CPU
		Debug|ARM = Debug|ARM
		Debug|x64 = Debug|x64
		Debug|x86 = Debug|x86
		Release|Any CPU = Release|Any CPU
		Release|ARM = Release|ARM
		Release|x64 = Release|x64
		Release|x86 = Release|x86
	EndGlobalSection
	GlobalSection(ProjectConfigurationPlatforms) = postSolution
		{BB4F786C-2966-4E73-91BB-6775CF177CF7}.Debug|Any CPU.ActiveCfg = Debug|Any CPU
		{BB4F786C-2966-4E73-91BB-6775CF177CF7}.Debug|Any CPU.Build.0 = Debug|Any CPU
		{BB4F786C-2966-4E73-91BB-6775CF177CF7}.Debug|ARM.ActiveCfg = Debug|Any CPU
		{BB4F786C-2966-4E73-91BB-6775CF177CF7}.Debug|x64.ActiveCfg = Debug|Any CPU
		{BB4F786C-2966-4E73-91BB-6775CF177CF7}.Debug|x86.ActiveCfg = Debug|Any CPU
		{BB4F786C-2966-4E73-91BB-6775CF177CF7}.Release|Any CPU.ActiveCfg = Release|Any CPU
		{BB4F786C-2966-4E73-91BB-6775CF177CF7}.Release|Any CPU.Build.0 = Release|Any CPU
		{BB4F786C-2966-4E73-91BB-6775CF177CF7}.Release|ARM.ActiveCfg = Release|Any CPU
		{BB4F786C-2966-4E73-91BB-6775CF177CF7}.Release|x64.ActiveCfg = Release|Any CPU
		{BB4F786C-2966-4E73-91BB-6775CF177CF7}.Release|x86.ActiveCfg = Release|Any CPU
		{F8C6D3B9-51CD-4701-B353-A648CC0FCF16}.Debug|Any CPU.ActiveCfg = Debug|Any CPU
		{F8C6D3B9-51CD-4701-B353-A648CC0FCF16}.Debug|Any CPU.Build.0 = Debug|Any CPU
		{F8C6D3B9-51CD-4701-B353-A648CC0FCF16}.Debug|ARM.ActiveCfg = Debug|Any CPU
		{F8C6D3B9-51CD-4701-B353-A648CC0FCF16}.Debug|x64.ActiveCfg = Debug|Any CPU
		{F8C6D3B9-51CD-4701-B353-A648CC0FCF16}.Debug|x86.ActiveCfg = Debug|Any CPU
		{F8C6D3B9-51CD-4701-B353-A648CC0FCF16}.Release|Any CPU.ActiveCfg = Release|Any CPU
		{F8C6D3B9-51CD-4701-B353-A648CC0FCF16}.Release|Any CPU.Build.0 = Release|Any CPU
		{F8C6D3B9-51CD-4701-B353-A648CC0FCF16}.Release|ARM.ActiveCfg = Release|Any CPU
		{F8C6D3B9-51CD-4701-B353-A648CC0FCF16}.Release|x64.ActiveCfg = Release|Any CPU
		{F8C6D3B9-51CD-4701-B353-A648CC0FCF16}.Release|x86.ActiveCfg = Release|Any CPU
		{1E70FE4D-E996-4835-8532-EC46F69380B4}.Debug|Any CPU.ActiveCfg = Debug|Any CPU
		{1E70FE4D-E996-4835-8532-EC46F69380B4}.Debug|Any CPU.Build.0 = Debug|Any CPU
		{1E70FE4D-E996-4835-8532-EC46F69380B4}.Debug|ARM.ActiveCfg = Debug|Any CPU
		{1E70FE4D-E996-4835-8532-EC46F69380B4}.Debug|x64.ActiveCfg = Debug|Any CPU
		{1E70FE4D-E996-4835-8532-EC46F69380B4}.Debug|x86.ActiveCfg = Debug|Any CPU
		{1E70FE4D-E996-4835-8532-EC46F69380B4}.Release|Any CPU.ActiveCfg = Release|Any CPU
		{1E70FE4D-E996-4835-8532-EC46F69380B4}.Release|Any CPU.Build.0 = Release|Any CPU
		{1E70FE4D-E996-4835-8532-EC46F69380B4}.Release|ARM.ActiveCfg = Release|Any CPU
		{1E70FE4D-E996-4835-8532-EC46F69380B4}.Release|x64.ActiveCfg = Release|Any CPU
		{1E70FE4D-E996-4835-8532-EC46F69380B4}.Release|x86.ActiveCfg = Release|Any CPU
		{4073AD6A-33AB-471A-A2F1-FE8C68B3798C}.Debug|Any CPU.ActiveCfg = Debug|Any CPU
		{4073AD6A-33AB-471A-A2F1-FE8C68B3798C}.Debug|Any CPU.Build.0 = Debug|Any CPU
		{4073AD6A-33AB-471A-A2F1-FE8C68B3798C}.Debug|ARM.ActiveCfg = Debug|Any CPU
		{4073AD6A-33AB-471A-A2F1-FE8C68B3798C}.Debug|x64.ActiveCfg = Debug|Any CPU
		{4073AD6A-33AB-471A-A2F1-FE8C68B3798C}.Debug|x86.ActiveCfg = Debug|Any CPU
		{4073AD6A-33AB-471A-A2F1-FE8C68B3798C}.Release|Any CPU.ActiveCfg = Release|Any CPU
		{4073AD6A-33AB-471A-A2F1-FE8C68B3798C}.Release|Any CPU.Build.0 = Release|Any CPU
		{4073AD6A-33AB-471A-A2F1-FE8C68B3798C}.Release|ARM.ActiveCfg = Release|Any CPU
		{4073AD6A-33AB-471A-A2F1-FE8C68B3798C}.Release|x64.ActiveCfg = Release|Any CPU
		{4073AD6A-33AB-471A-A2F1-FE8C68B3798C}.Release|x86.ActiveCfg = Release|Any CPU
		{5CAD9197-311E-4AD0-A3EA-66F25E150816}.Debug|Any CPU.ActiveCfg = Debug|Any CPU
		{5CAD9197-311E-4AD0-A3EA-66F25E150816}.Debug|Any CPU.Build.0 = Debug|Any CPU
		{5CAD9197-311E-4AD0-A3EA-66F25E150816}.Debug|ARM.ActiveCfg = Debug|Any CPU
		{5CAD9197-311E-4AD0-A3EA-66F25E150816}.Debug|x64.ActiveCfg = Debug|Any CPU
		{5CAD9197-311E-4AD0-A3EA-66F25E150816}.Debug|x86.ActiveCfg = Debug|Any CPU
		{5CAD9197-311E-4AD0-A3EA-66F25E150816}.Release|Any CPU.ActiveCfg = Release|Any CPU
		{5CAD9197-311E-4AD0-A3EA-66F25E150816}.Release|Any CPU.Build.0 = Release|Any CPU
		{5CAD9197-311E-4AD0-A3EA-66F25E150816}.Release|ARM.ActiveCfg = Release|Any CPU
		{5CAD9197-311E-4AD0-A3EA-66F25E150816}.Release|x64.ActiveCfg = Release|Any CPU
		{5CAD9197-311E-4AD0-A3EA-66F25E150816}.Release|x86.ActiveCfg = Release|Any CPU
		{CDB63549-9343-483C-9009-57155799CEAF}.Debug|Any CPU.ActiveCfg = Debug|Any CPU
		{CDB63549-9343-483C-9009-57155799CEAF}.Debug|Any CPU.Build.0 = Debug|Any CPU
		{CDB63549-9343-483C-9009-57155799CEAF}.Debug|ARM.ActiveCfg = Debug|Any CPU
		{CDB63549-9343-483C-9009-57155799CEAF}.Debug|x64.ActiveCfg = Debug|Any CPU
		{CDB63549-9343-483C-9009-57155799CEAF}.Debug|x86.ActiveCfg = Debug|Any CPU
		{CDB63549-9343-483C-9009-57155799CEAF}.Release|Any CPU.ActiveCfg = Release|Any CPU
		{CDB63549-9343-483C-9009-57155799CEAF}.Release|Any CPU.Build.0 = Release|Any CPU
		{CDB63549-9343-483C-9009-57155799CEAF}.Release|ARM.ActiveCfg = Release|Any CPU
		{CDB63549-9343-483C-9009-57155799CEAF}.Release|x64.ActiveCfg = Release|Any CPU
		{CDB63549-9343-483C-9009-57155799CEAF}.Release|x86.ActiveCfg = Release|Any CPU
		{EF29BB0D-6BCA-4348-8DF5-B8A7F8B59397}.Debug|Any CPU.ActiveCfg = Debug|Any CPU
		{EF29BB0D-6BCA-4348-8DF5-B8A7F8B59397}.Debug|Any CPU.Build.0 = Debug|Any CPU
		{EF29BB0D-6BCA-4348-8DF5-B8A7F8B59397}.Debug|ARM.ActiveCfg = Debug|Any CPU
		{EF29BB0D-6BCA-4348-8DF5-B8A7F8B59397}.Debug|x64.ActiveCfg = Debug|Any CPU
		{EF29BB0D-6BCA-4348-8DF5-B8A7F8B59397}.Debug|x86.ActiveCfg = Debug|Any CPU
		{EF29BB0D-6BCA-4348-8DF5-B8A7F8B59397}.Release|Any CPU.ActiveCfg = Release|Any CPU
		{EF29BB0D-6BCA-4348-8DF5-B8A7F8B59397}.Release|Any CPU.Build.0 = Release|Any CPU
		{EF29BB0D-6BCA-4348-8DF5-B8A7F8B59397}.Release|ARM.ActiveCfg = Release|Any CPU
		{EF29BB0D-6BCA-4348-8DF5-B8A7F8B59397}.Release|x64.ActiveCfg = Release|Any CPU
		{EF29BB0D-6BCA-4348-8DF5-B8A7F8B59397}.Release|x86.ActiveCfg = Release|Any CPU
		{9B0CBF33-D49B-4B7B-BCF8-FA8D20330992}.Debug|Any CPU.ActiveCfg = Debug|Any CPU
		{9B0CBF33-D49B-4B7B-BCF8-FA8D20330992}.Debug|Any CPU.Build.0 = Debug|Any CPU
		{9B0CBF33-D49B-4B7B-BCF8-FA8D20330992}.Debug|ARM.ActiveCfg = Debug|Any CPU
		{9B0CBF33-D49B-4B7B-BCF8-FA8D20330992}.Debug|x64.ActiveCfg = Debug|Any CPU
		{9B0CBF33-D49B-4B7B-BCF8-FA8D20330992}.Debug|x86.ActiveCfg = Debug|Any CPU
		{9B0CBF33-D49B-4B7B-BCF8-FA8D20330992}.Release|Any CPU.ActiveCfg = Release|Any CPU
		{9B0CBF33-D49B-4B7B-BCF8-FA8D20330992}.Release|Any CPU.Build.0 = Release|Any CPU
		{9B0CBF33-D49B-4B7B-BCF8-FA8D20330992}.Release|ARM.ActiveCfg = Release|Any CPU
		{9B0CBF33-D49B-4B7B-BCF8-FA8D20330992}.Release|x64.ActiveCfg = Release|Any CPU
		{9B0CBF33-D49B-4B7B-BCF8-FA8D20330992}.Release|x86.ActiveCfg = Release|Any CPU
	EndGlobalSection
	GlobalSection(SolutionProperties) = preSolution
		HideSolutionNode = FALSE
	EndGlobalSection
	GlobalSection(ExtensibilityGlobals) = postSolution
		EnterpriseLibraryConfigurationToolBinariesPathV6 = packages\EnterpriseLibrary.Common.6.0.1304.0\lib\NET45;packages\EnterpriseLibrary.Data.6.0.1304.0\lib\NET45
	EndGlobalSection
EndGlobal
