
Microsoft Visual Studio Solution File, Format Version 12.00
# Visual Studio 2013
VisualStudioVersion = 12.0.31101.0
MinimumVisualStudioVersion = 10.0.40219.1
Project("{FAE04EC0-301F-11D3-BF4B-00C04F79EFBC}") = "ABus.Contracts", "ABus.Contracts\ABus.Contracts.csproj", "{BB4F786C-2966-4E73-91BB-6775CF177CF7}"
EndProject
Project("{FAE04EC0-301F-11D3-BF4B-00C04F79EFBC}") = "ABus.AzureServiceBus", "ABus.AzureServiceBus\ABus.AzureServiceBus.csproj", "{F8C6D3B9-51CD-4701-B353-A648CC0FCF16}"
EndProject
Project("{FAE04EC0-301F-11D3-BF4B-00C04F79EFBC}") = "ABus.AzureServiceBus.Test.Integration", "ABus.AzureServiceBus.Test.Integration\ABus.AzureServiceBus.Test.Integration.csproj", "{3F2E6191-91E1-46F6-9C13-A3E11D68502F}"
EndProject
Project("{FAE04EC0-301F-11D3-BF4B-00C04F79EFBC}") = "ABus.Host", "ABus.Host\ABus.Host.csproj", "{1E70FE4D-E996-4835-8532-EC46F69380B4}"
EndProject
Project("{FAE04EC0-301F-11D3-BF4B-00C04F79EFBC}") = "ABus.Sample", "ABus.Sample\ABus.Sample.csproj", "{4073AD6A-33AB-471A-A2F1-FE8C68B3798C}"
EndProject
Project("{FAE04EC0-301F-11D3-BF4B-00C04F79EFBC}") = "ABus", "ABus\ABus.csproj", "{5CAD9197-311E-4AD0-A3EA-66F25E150816}"
EndProject
Project("{FAE04EC0-301F-11D3-BF4B-00C04F79EFBC}") = "ABus.Unity", "ABus.Unity\ABus.Unity.csproj", "{CDB63549-9343-483C-9009-57155799CEAF}"
EndProject
Project("{FAE04EC0-301F-11D3-BF4B-00C04F79EFBC}") = "ABus.TransactionManagement.SQLServer", "ABus.TransactionManagement.SQLServer\ABus.TransactionManagement.SQLServer.csproj", "{EF29BB0D-6BCA-4348-8DF5-B8A7F8B59397}"
EndProject
Project("{2150E333-8FDC-42A3-9474-1A3956D46DE8}") = "ScratchPad", "ScratchPad", "{E9FD1E97-0012-458D-9F5A-6CB4C145002C}"
	ProjectSection(SolutionItems) = preProject
		XMLFile1.xml = XMLFile1.xml
	EndProjectSection
EndProject
Project("{FAE04EC0-301F-11D3-BF4B-00C04F79EFBC}") = "ABus.Sample.Client", "ABus.Sample.Client\ABus.Sample.Client.csproj", "{7798C453-9CC7-44CF-A73C-E6F04EF3A555}"
EndProject
Project("{FAE04EC0-301F-11D3-BF4B-00C04F79EFBC}") = "ABus.Sample.Contracts", "ABus.Sample.Contracts\ABus.Sample.Contracts.csproj", "{B0424B6D-E089-4444-8F48-D86BA043BA86}"
EndProject
Project("{2150E333-8FDC-42A3-9474-1A3956D46DE8}") = "Support Files", "Support Files", "{8A80A1DF-92FD-433C-9185-1954A60D226E}"
	ProjectSection(SolutionItems) = preProject
		.gitignore = .gitignore
		nugetbuild.bat = nugetbuild.bat
	EndProjectSection
EndProject
Project("{FAE04EC0-301F-11D3-BF4B-00C04F79EFBC}") = "ABus.MemoryBusTransport", "ABus.MemoryBusTransport\ABus.MemoryBusTransport.csproj", "{DB5612F0-37CC-4161-8E9E-4A13ED8F3F10}"
EndProject
Global
	GlobalSection(SolutionConfigurationPlatforms) = preSolution
		Debug|Any CPU = Debug|Any CPU
		Debug|ARM = Debug|ARM
		Debug|x64 = Debug|x64
		Debug|x86 = Debug|x86
		Release|Any CPU = Release|Any CPU
		Release|ARM = Release|ARM
		Release|x64 = Release|x64
		Release|x86 = Release|x86
	EndGlobalSection
	GlobalSection(ProjectConfigurationPlatforms) = postSolution
		{BB4F786C-2966-4E73-91BB-6775CF177CF7}.Debug|Any CPU.ActiveCfg = Debug|Any CPU
		{BB4F786C-2966-4E73-91BB-6775CF177CF7}.Debug|Any CPU.Build.0 = Debug|Any CPU
		{BB4F786C-2966-4E73-91BB-6775CF177CF7}.Debug|ARM.ActiveCfg = Debug|Any CPU
		{BB4F786C-2966-4E73-91BB-6775CF177CF7}.Debug|x64.ActiveCfg = Debug|Any CPU
		{BB4F786C-2966-4E73-91BB-6775CF177CF7}.Debug|x86.ActiveCfg = Debug|Any CPU
		{BB4F786C-2966-4E73-91BB-6775CF177CF7}.Release|Any CPU.ActiveCfg = Release|Any CPU
		{BB4F786C-2966-4E73-91BB-6775CF177CF7}.Release|Any CPU.Build.0 = Release|Any CPU
		{BB4F786C-2966-4E73-91BB-6775CF177CF7}.Release|ARM.ActiveCfg = Release|Any CPU
		{BB4F786C-2966-4E73-91BB-6775CF177CF7}.Release|x64.ActiveCfg = Release|Any CPU
		{BB4F786C-2966-4E73-91BB-6775CF177CF7}.Release|x86.ActiveCfg = Release|Any CPU
		{F8C6D3B9-51CD-4701-B353-A648CC0FCF16}.Debug|Any CPU.ActiveCfg = Debug|Any CPU
		{F8C6D3B9-51CD-4701-B353-A648CC0FCF16}.Debug|Any CPU.Build.0 = Debug|Any CPU
		{F8C6D3B9-51CD-4701-B353-A648CC0FCF16}.Debug|ARM.ActiveCfg = Debug|Any CPU
		{F8C6D3B9-51CD-4701-B353-A648CC0FCF16}.Debug|x64.ActiveCfg = Debug|Any CPU
		{F8C6D3B9-51CD-4701-B353-A648CC0FCF16}.Debug|x86.ActiveCfg = Debug|Any CPU
		{F8C6D3B9-51CD-4701-B353-A648CC0FCF16}.Release|Any CPU.ActiveCfg = Release|Any CPU
		{F8C6D3B9-51CD-4701-B353-A648CC0FCF16}.Release|Any CPU.Build.0 = Release|Any CPU
		{F8C6D3B9-51CD-4701-B353-A648CC0FCF16}.Release|ARM.ActiveCfg = Release|Any CPU
		{F8C6D3B9-51CD-4701-B353-A648CC0FCF16}.Release|x64.ActiveCfg = Release|Any CPU
		{F8C6D3B9-51CD-4701-B353-A648CC0FCF16}.Release|x86.ActiveCfg = Release|Any CPU
		{3F2E6191-91E1-46F6-9C13-A3E11D68502F}.Debug|Any CPU.ActiveCfg = Debug|Any CPU
		{3F2E6191-91E1-46F6-9C13-A3E11D68502F}.Debug|Any CPU.Build.0 = Debug|Any CPU
		{3F2E6191-91E1-46F6-9C13-A3E11D68502F}.Debug|ARM.ActiveCfg = Debug|Any CPU
		{3F2E6191-91E1-46F6-9C13-A3E11D68502F}.Debug|x64.ActiveCfg = Debug|Any CPU
		{3F2E6191-91E1-46F6-9C13-A3E11D68502F}.Debug|x86.ActiveCfg = Debug|Any CPU
		{3F2E6191-91E1-46F6-9C13-A3E11D68502F}.Release|Any CPU.ActiveCfg = Release|Any CPU
		{3F2E6191-91E1-46F6-9C13-A3E11D68502F}.Release|Any CPU.Build.0 = Release|Any CPU
		{3F2E6191-91E1-46F6-9C13-A3E11D68502F}.Release|ARM.ActiveCfg = Release|Any CPU
		{3F2E6191-91E1-46F6-9C13-A3E11D68502F}.Release|x64.ActiveCfg = Release|Any CPU
		{3F2E6191-91E1-46F6-9C13-A3E11D68502F}.Release|x86.ActiveCfg = Release|Any CPU
		{1E70FE4D-E996-4835-8532-EC46F69380B4}.Debug|Any CPU.ActiveCfg = Debug|Any CPU
		{1E70FE4D-E996-4835-8532-EC46F69380B4}.Debug|Any CPU.Build.0 = Debug|Any CPU
		{1E70FE4D-E996-4835-8532-EC46F69380B4}.Debug|ARM.ActiveCfg = Debug|Any CPU
		{1E70FE4D-E996-4835-8532-EC46F69380B4}.Debug|x64.ActiveCfg = Debug|Any CPU
		{1E70FE4D-E996-4835-8532-EC46F69380B4}.Debug|x86.ActiveCfg = Debug|Any CPU
		{1E70FE4D-E996-4835-8532-EC46F69380B4}.Release|Any CPU.ActiveCfg = Release|Any CPU
		{1E70FE4D-E996-4835-8532-EC46F69380B4}.Release|Any CPU.Build.0 = Release|Any CPU
		{1E70FE4D-E996-4835-8532-EC46F69380B4}.Release|ARM.ActiveCfg = Release|Any CPU
		{1E70FE4D-E996-4835-8532-EC46F69380B4}.Release|x64.ActiveCfg = Release|Any CPU
		{1E70FE4D-E996-4835-8532-EC46F69380B4}.Release|x86.ActiveCfg = Release|Any CPU
		{4073AD6A-33AB-471A-A2F1-FE8C68B3798C}.Debug|Any CPU.ActiveCfg = Debug|Any CPU
		{4073AD6A-33AB-471A-A2F1-FE8C68B3798C}.Debug|Any CPU.Build.0 = Debug|Any CPU
		{4073AD6A-33AB-471A-A2F1-FE8C68B3798C}.Debug|ARM.ActiveCfg = Debug|Any CPU
		{4073AD6A-33AB-471A-A2F1-FE8C68B3798C}.Debug|x64.ActiveCfg = Debug|Any CPU
		{4073AD6A-33AB-471A-A2F1-FE8C68B3798C}.Debug|x86.ActiveCfg = Debug|Any CPU
		{4073AD6A-33AB-471A-A2F1-FE8C68B3798C}.Release|Any CPU.ActiveCfg = Release|Any CPU
		{4073AD6A-33AB-471A-A2F1-FE8C68B3798C}.Release|Any CPU.Build.0 = Release|Any CPU
		{4073AD6A-33AB-471A-A2F1-FE8C68B3798C}.Release|ARM.ActiveCfg = Release|Any CPU
		{4073AD6A-33AB-471A-A2F1-FE8C68B3798C}.Release|x64.ActiveCfg = Release|Any CPU
		{4073AD6A-33AB-471A-A2F1-FE8C68B3798C}.Release|x86.ActiveCfg = Release|Any CPU
		{5CAD9197-311E-4AD0-A3EA-66F25E150816}.Debug|Any CPU.ActiveCfg = Debug|Any CPU
		{5CAD9197-311E-4AD0-A3EA-66F25E150816}.Debug|Any CPU.Build.0 = Debug|Any CPU
		{5CAD9197-311E-4AD0-A3EA-66F25E150816}.Debug|ARM.ActiveCfg = Debug|Any CPU
		{5CAD9197-311E-4AD0-A3EA-66F25E150816}.Debug|x64.ActiveCfg = Debug|Any CPU
		{5CAD9197-311E-4AD0-A3EA-66F25E150816}.Debug|x86.ActiveCfg = Debug|Any CPU
		{5CAD9197-311E-4AD0-A3EA-66F25E150816}.Release|Any CPU.ActiveCfg = Release|Any CPU
		{5CAD9197-311E-4AD0-A3EA-66F25E150816}.Release|Any CPU.Build.0 = Release|Any CPU
		{5CAD9197-311E-4AD0-A3EA-66F25E150816}.Release|ARM.ActiveCfg = Release|Any CPU
		{5CAD9197-311E-4AD0-A3EA-66F25E150816}.Release|x64.ActiveCfg = Release|Any CPU
		{5CAD9197-311E-4AD0-A3EA-66F25E150816}.Release|x86.ActiveCfg = Release|Any CPU
		{CDB63549-9343-483C-9009-57155799CEAF}.Debug|Any CPU.ActiveCfg = Debug|Any CPU
		{CDB63549-9343-483C-9009-57155799CEAF}.Debug|Any CPU.Build.0 = Debug|Any CPU
		{CDB63549-9343-483C-9009-57155799CEAF}.Debug|ARM.ActiveCfg = Debug|Any CPU
		{CDB63549-9343-483C-9009-57155799CEAF}.Debug|x64.ActiveCfg = Debug|Any CPU
		{CDB63549-9343-483C-9009-57155799CEAF}.Debug|x86.ActiveCfg = Debug|Any CPU
		{CDB63549-9343-483C-9009-57155799CEAF}.Release|Any CPU.ActiveCfg = Release|Any CPU
		{CDB63549-9343-483C-9009-57155799CEAF}.Release|Any CPU.Build.0 = Release|Any CPU
		{CDB63549-9343-483C-9009-57155799CEAF}.Release|ARM.ActiveCfg = Release|Any CPU
		{CDB63549-9343-483C-9009-57155799CEAF}.Release|x64.ActiveCfg = Release|Any CPU
		{CDB63549-9343-483C-9009-57155799CEAF}.Release|x86.ActiveCfg = Release|Any CPU
		{EF29BB0D-6BCA-4348-8DF5-B8A7F8B59397}.Debug|Any CPU.ActiveCfg = Debug|Any CPU
		{EF29BB0D-6BCA-4348-8DF5-B8A7F8B59397}.Debug|Any CPU.Build.0 = Debug|Any CPU
		{EF29BB0D-6BCA-4348-8DF5-B8A7F8B59397}.Debug|ARM.ActiveCfg = Debug|Any CPU
		{EF29BB0D-6BCA-4348-8DF5-B8A7F8B59397}.Debug|x64.ActiveCfg = Debug|Any CPU
		{EF29BB0D-6BCA-4348-8DF5-B8A7F8B59397}.Debug|x86.ActiveCfg = Debug|Any CPU
		{EF29BB0D-6BCA-4348-8DF5-B8A7F8B59397}.Release|Any CPU.ActiveCfg = Release|Any CPU
		{EF29BB0D-6BCA-4348-8DF5-B8A7F8B59397}.Release|Any CPU.Build.0 = Release|Any CPU
		{EF29BB0D-6BCA-4348-8DF5-B8A7F8B59397}.Release|ARM.ActiveCfg = Release|Any CPU
		{EF29BB0D-6BCA-4348-8DF5-B8A7F8B59397}.Release|x64.ActiveCfg = Release|Any CPU
		{EF29BB0D-6BCA-4348-8DF5-B8A7F8B59397}.Release|x86.ActiveCfg = Release|Any CPU
		{7798C453-9CC7-44CF-A73C-E6F04EF3A555}.Debug|Any CPU.ActiveCfg = Debug|Any CPU
		{7798C453-9CC7-44CF-A73C-E6F04EF3A555}.Debug|Any CPU.Build.0 = Debug|Any CPU
		{7798C453-9CC7-44CF-A73C-E6F04EF3A555}.Debug|ARM.ActiveCfg = Debug|Any CPU
		{7798C453-9CC7-44CF-A73C-E6F04EF3A555}.Debug|x64.ActiveCfg = Debug|Any CPU
		{7798C453-9CC7-44CF-A73C-E6F04EF3A555}.Debug|x86.ActiveCfg = Debug|Any CPU
		{7798C453-9CC7-44CF-A73C-E6F04EF3A555}.Release|Any CPU.ActiveCfg = Release|Any CPU
		{7798C453-9CC7-44CF-A73C-E6F04EF3A555}.Release|Any CPU.Build.0 = Release|Any CPU
		{7798C453-9CC7-44CF-A73C-E6F04EF3A555}.Release|ARM.ActiveCfg = Release|Any CPU
		{7798C453-9CC7-44CF-A73C-E6F04EF3A555}.Release|x64.ActiveCfg = Release|Any CPU
		{7798C453-9CC7-44CF-A73C-E6F04EF3A555}.Release|x86.ActiveCfg = Release|Any CPU
		{B0424B6D-E089-4444-8F48-D86BA043BA86}.Debug|Any CPU.ActiveCfg = Debug|Any CPU
		{B0424B6D-E089-4444-8F48-D86BA043BA86}.Debug|Any CPU.Build.0 = Debug|Any CPU
		{B0424B6D-E089-4444-8F48-D86BA043BA86}.Debug|ARM.ActiveCfg = Debug|Any CPU
		{B0424B6D-E089-4444-8F48-D86BA043BA86}.Debug|x64.ActiveCfg = Debug|Any CPU
		{B0424B6D-E089-4444-8F48-D86BA043BA86}.Debug|x86.ActiveCfg = Debug|Any CPU
		{B0424B6D-E089-4444-8F48-D86BA043BA86}.Release|Any CPU.ActiveCfg = Release|Any CPU
		{B0424B6D-E089-4444-8F48-D86BA043BA86}.Release|Any CPU.Build.0 = Release|Any CPU
		{B0424B6D-E089-4444-8F48-D86BA043BA86}.Release|ARM.ActiveCfg = Release|Any CPU
		{B0424B6D-E089-4444-8F48-D86BA043BA86}.Release|x64.ActiveCfg = Release|Any CPU
		{B0424B6D-E089-4444-8F48-D86BA043BA86}.Release|x86.ActiveCfg = Release|Any CPU
		{DB5612F0-37CC-4161-8E9E-4A13ED8F3F10}.Debug|Any CPU.ActiveCfg = Debug|Any CPU
		{DB5612F0-37CC-4161-8E9E-4A13ED8F3F10}.Debug|Any CPU.Build.0 = Debug|Any CPU
		{DB5612F0-37CC-4161-8E9E-4A13ED8F3F10}.Debug|ARM.ActiveCfg = Debug|Any CPU
		{DB5612F0-37CC-4161-8E9E-4A13ED8F3F10}.Debug|x64.ActiveCfg = Debug|Any CPU
		{DB5612F0-37CC-4161-8E9E-4A13ED8F3F10}.Debug|x86.ActiveCfg = Debug|Any CPU
		{DB5612F0-37CC-4161-8E9E-4A13ED8F3F10}.Release|Any CPU.ActiveCfg = Release|Any CPU
		{DB5612F0-37CC-4161-8E9E-4A13ED8F3F10}.Release|Any CPU.Build.0 = Release|Any CPU
		{DB5612F0-37CC-4161-8E9E-4A13ED8F3F10}.Release|ARM.ActiveCfg = Release|Any CPU
		{DB5612F0-37CC-4161-8E9E-4A13ED8F3F10}.Release|x64.ActiveCfg = Release|Any CPU
		{DB5612F0-37CC-4161-8E9E-4A13ED8F3F10}.Release|x86.ActiveCfg = Release|Any CPU
	EndGlobalSection
	GlobalSection(SolutionProperties) = preSolution
		HideSolutionNode = FALSE
	EndGlobalSection
	GlobalSection(ExtensibilityGlobals) = postSolution
		EnterpriseLibraryConfigurationToolBinariesPathV6 = packages\EnterpriseLibrary.Common.6.0.1304.0\lib\NET45;packages\EnterpriseLibrary.Data.6.0.1304.0\lib\NET45
	EndGlobalSection
EndGlobal
